// !$*UTF8*$!
{
	archiveVersion = 1;
	classes = {
	};
	objectVersion = 48;
	objects = {

/* Begin PBXBuildFile section */
		9BEBF7B91FBA917300A1E628 /* AppDelegate.swift in Sources */ = {isa = PBXBuildFile; fileRef = 9BEBF7B81FBA917300A1E628 /* AppDelegate.swift */; };
		9BEBF7BB1FBA917300A1E628 /* ViewController.swift in Sources */ = {isa = PBXBuildFile; fileRef = 9BEBF7BA1FBA917300A1E628 /* ViewController.swift */; };
		9BEBF7BE1FBA917300A1E628 /* Main.storyboard in Resources */ = {isa = PBXBuildFile; fileRef = 9BEBF7BC1FBA917300A1E628 /* Main.storyboard */; };
		9BEBF7C01FBA917300A1E628 /* Assets.xcassets in Resources */ = {isa = PBXBuildFile; fileRef = 9BEBF7BF1FBA917300A1E628 /* Assets.xcassets */; };
		9BEBF7C31FBA917300A1E628 /* LaunchScreen.storyboard in Resources */ = {isa = PBXBuildFile; fileRef = 9BEBF7C11FBA917300A1E628 /* LaunchScreen.storyboard */; };
		9BEBF7CB1FBA91BC00A1E628 /* Process.swift in Sources */ = {isa = PBXBuildFile; fileRef = 9BEBF7CA1FBA91BC00A1E628 /* Process.swift */; };
/* End PBXBuildFile section */

/* Begin PBXFileReference section */
		9BEBF7B51FBA917300A1E628 /* delegate_second_example.app */ = {isa = PBXFileReference; explicitFileType = wrapper.application; includeInIndex = 0; path = delegate_second_example.app; sourceTree = BUILT_PRODUCTS_DIR; };
		9BEBF7B81FBA917300A1E628 /* AppDelegate.swift */ = {isa = PBXFileReference; lastKnownFileType = sourcecode.swift; path = AppDelegate.swift; sourceTree = "<group>"; };
		9BEBF7BA1FBA917300A1E628 /* ViewController.swift */ = {isa = PBXFileReference; lastKnownFileType = sourcecode.swift; path = ViewController.swift; sourceTree = "<group>"; };
		9BEBF7BD1FBA917300A1E628 /* Base */ = {isa = PBXFileReference; lastKnownFileType = file.storyboard; name = Base; path = Base.lproj/Main.storyboard; sourceTree = "<group>"; };
		9BEBF7BF1FBA917300A1E628 /* Assets.xcassets */ = {isa = PBXFileReference; lastKnownFileType = folder.assetcatalog; path = Assets.xcassets; sourceTree = "<group>"; };
		9BEBF7C21FBA917300A1E628 /* Base */ = {isa = PBXFileReference; lastKnownFileType = file.storyboard; name = Base; path = Base.lproj/LaunchScreen.storyboard; sourceTree = "<group>"; };
		9BEBF7C41FBA917300A1E628 /* Info.plist */ = {isa = PBXFileReference; lastKnownFileType = text.plist.xml; path = Info.plist; sourceTree = "<group>"; };
		9BEBF7CA1FBA91BC00A1E628 /* Process.swift */ = {isa = PBXFileReference; lastKnownFileType = sourcecode.swift; path = Process.swift; sourceTree = "<group>"; };
/* End PBXFileReference section */

/* Begin PBXFrameworksBuildPhase section */
		9BEBF7B21FBA917300A1E628 /* Frameworks */ = {
			isa = PBXFrameworksBuildPhase;
			buildActionMask = 2147483647;
			files = (
			);
			runOnlyForDeploymentPostprocessing = 0;
		};
/* End PBXFrameworksBuildPhase section */

/* Begin PBXGroup section */
		9BEBF7AC1FBA917300A1E628 = {
			isa = PBXGroup;
			children = (
				9BEBF7B71FBA917300A1E628 /* delegate_second_example */,
				9BEBF7B61FBA917300A1E628 /* Products */,
			);
			sourceTree = "<group>";
		};
		9BEBF7B61FBA917300A1E628 /* Products */ = {
			isa = PBXGroup;
			children = (
				9BEBF7B51FBA917300A1E628 /* delegate_second_example.app */,
			);
			name = Products;
			sourceTree = "<group>";
		};
		9BEBF7B71FBA917300A1E628 /* delegate_second_example */ = {
			isa = PBXGroup;
			children = (
				9BEBF7B81FBA917300A1E628 /* AppDelegate.swift */,
				9BEBF7BA1FBA917300A1E628 /* ViewController.swift */,
				9BEBF7CA1FBA91BC00A1E628 /* Process.swift */,
				9BEBF7BC1FBA917300A1E628 /* Main.storyboard */,
				9BEBF7BF1FBA917300A1E628 /* Assets.xcassets */,
				9BEBF7C11FBA917300A1E628 /* LaunchScreen.storyboard */,
				9BEBF7C41FBA917300A1E628 /* Info.plist */,
			);
			path = delegate_second_example;
			sourceTree = "<group>";
		};
/* End PBXGroup section */

/* Begin PBXNativeTarget section */
		9BEBF7B41FBA917300A1E628 /* delegate_second_example */ = {
			isa = PBXNativeTarget;
			buildConfigurationList = 9BEBF7C71FBA917300A1E628 /* Build configuration list for PBXNativeTarget "delegate_second_example" */;
			buildPhases = (
				9BEBF7B11FBA917300A1E628 /* Sources */,
				9BEBF7B21FBA917300A1E628 /* Frameworks */,
				9BEBF7B31FBA917300A1E628 /* Resources */,
			);
			buildRules = (
			);
			dependencies = (
			);
			name = delegate_second_example;
			productName = delegate_second_example;
			productReference = 9BEBF7B51FBA917300A1E628 /* delegate_second_example.app */;
			productType = "com.apple.product-type.application";
		};
/* End PBXNativeTarget section */

/* Begin PBXProject section */
		9BEBF7AD1FBA917300A1E628 /* Project object */ = {
			isa = PBXProject;
			attributes = {
				LastSwiftUpdateCheck = 0900;
				LastUpgradeCheck = 0900;
				ORGANIZATIONNAME = "Channat Tem";
				TargetAttributes = {
					9BEBF7B41FBA917300A1E628 = {
						CreatedOnToolsVersion = 9.0;
						ProvisioningStyle = Automatic;
					};
				};
			};
			buildConfigurationList = 9BEBF7B01FBA917300A1E628 /* Build configuration list for PBXProject "delegate_second_example" */;
			compatibilityVersion = "Xcode 8.0";
			developmentRegion = en;
			hasScannedForEncodings = 0;
			knownRegions = (
				en,
				Base,
			);
			mainGroup = 9BEBF7AC1FBA917300A1E628;
			productRefGroup = 9BEBF7B61FBA917300A1E628 /* Products */;
			projectDirPath = "";
			projectRoot = "";
			targets = (
				9BEBF7B41FBA917300A1E628 /* delegate_second_example */,
			);
		};
/* End PBXProject section */

/* Begin PBXResourcesBuildPhase section */
		9BEBF7B31FBA917300A1E628 /* Resources */ = {
			isa = PBXResourcesBuildPhase;
			buildActionMask = 2147483647;
			files = (
				9BEBF7C31FBA917300A1E628 /* LaunchScreen.storyboard in Resources */,
				9BEBF7C01FBA917300A1E628 /* Assets.xcassets in Resources */,
				9BEBF7BE1FBA917300A1E628 /* Main.storyboard in Resources */,
			);
			runOnlyForDeploymentPostprocessing = 0;
		};
/* End PBXResourcesBuildPhase section */

/* Begin PBXSourcesBuildPhase section */
		9BEBF7B11FBA917300A1E628 /* Sources */ = {
			isa = PBXSourcesBuildPhase;
			buildActionMask = 2147483647;
			files = (
				9BEBF7BB1FBA917300A1E628 /* ViewController.swift in Sources */,
				9BEBF7B91FBA917300A1E628 /* AppDelegate.swift in Sources */,
				9BEBF7CB1FBA91BC00A1E628 /* Process.swift in Sources */,
			);
			runOnlyForDeploymentPostprocessing = 0;
		};
/* End PBXSourcesBuildPhase section */

/* Begin PBXVariantGroup section */
		9BEBF7BC1FBA917300A1E628 /* Main.storyboard */ = {
			isa = PBXVariantGroup;
			children = (
				9BEBF7BD1FBA917300A1E628 /* Base */,
			);
			name = Main.storyboard;
			sourceTree = "<group>";
		};
		9BEBF7C11FBA917300A1E628 /* LaunchScreen.storyboard */ = {
			isa = PBXVariantGroup;
			children = (
				9BEBF7C21FBA917300A1E628 /* Base */,
			);
			name = LaunchScreen.storyboard;
			sourceTree = "<group>";
		};
/* End PBXVariantGroup section */

/* Begin XCBuildConfiguration section */
		9BEBF7C51FBA917300A1E628 /* Debug */ = {
			isa = XCBuildConfiguration;
			buildSettings = {
				ALWAYS_SEARCH_USER_PATHS = NO;
				CLANG_ANALYZER_NONNULL = YES;
				CLANG_ANALYZER_NUMBER_OBJECT_CONVERSION = YES_AGGRESSIVE;
				CLANG_CXX_LANGUAGE_STANDARD = "gnu++14";
				CLANG_CXX_LIBRARY = "libc++";
				CLANG_ENABLE_MODULES = YES;
				CLANG_ENABLE_OBJC_ARC = YES;
				CLANG_WARN_BLOCK_CAPTURE_AUTORELEASING = YES;
				CLANG_WARN_BOOL_CONVERSION = YES;
				CLANG_WARN_COMMA = YES;
				CLANG_WARN_CONSTANT_CONVERSION = YES;
				CLANG_WARN_DIRECT_OBJC_ISA_USAGE = YES_ERROR;
				CLANG_WARN_DOCUMENTATION_COMMENTS = YES;
				CLANG_WARN_EMPTY_BODY = YES;
				CLANG_WARN_ENUM_CONVERSION = YES;
				CLANG_WARN_INFINITE_RECURSION = YES;
				CLANG_WARN_INT_CONVERSION = YES;
				CLANG_WARN_NON_LITERAL_NULL_CONVERSION = YES;
				CLANG_WARN_OBJC_LITERAL_CONVERSION = YES;
				CLANG_WARN_OBJC_ROOT_CLASS = YES_ERROR;
				CLANG_WARN_RANGE_LOOP_ANALYSIS = YES;
				CLANG_WARN_STRICT_PROTOTYPES = YES;
				CLANG_WARN_SUSPICIOUS_MOVE = YES;
				CLANG_WARN_UNGUARDED_AVAILABILITY = YES_AGGRESSIVE;
				CLANG_WARN_UNREACHABLE_CODE = YES;
				CLANG_WARN__DUPLICATE_METHOD_MATCH = YES;
				CODE_SIGN_IDENTITY = "iPhone Developer";
				COPY_PHASE_STRIP = NO;
				DEBUG_INFORMATION_FORMAT = dwarf;
				ENABLE_STRICT_OBJC_MSGSEND = YES;
				ENABLE_TESTABILITY = YES;
				GCC_C_LANGUAGE_STANDARD = gnu11;
				GCC_DYNAMIC_NO_PIC = NO;
				GCC_NO_COMMON_BLOCKS = YES;
				GCC_OPTIMIZATION_LEVEL = 0;
				GCC_PREPROCESSOR_DEFINITIONS = (
					"DEBUG=1",
					"$(inherited)",
				);
				GCC_WARN_64_TO_32_BIT_CONVERSION = YES;
				GCC_WARN_ABOUT_RETURN_TYPE = YES_ERROR;
				GCC_WARN_UNDECLARED_SELECTOR = YES;
				GCC_WARN_UNINITIALIZED_AUTOS = YES_AGGRESSIVE;
				GCC_WARN_UNUSED_FUNCTION = YES;
				GCC_WARN_UNUSED_VARIABLE = YES;
				IPHONEOS_DEPLOYMENT_TARGET = 11.0;
				MTL_ENABLE_DEBUG_INFO = YES;
				ONLY_ACTIVE_ARCH = YES;
				SDKROOT = iphoneos;
				SWIFT_ACTIVE_COMPILATION_CONDITIONS = DEBUG;
				SWIFT_OPTIMIZATION_LEVEL = "-Onone";
			};
			name = Debug;
		};
		9BEBF7C61FBA917300A1E628 /* Release */ = {
			isa = XCBuildConfiguration;
			buildSettings = {
				ALWAYS_SEARCH_USER_PATHS = NO;
				CLANG_ANALYZER_NONNULL = YES;
				CLANG_ANALYZER_NUMBER_OBJECT_CONVERSION = YES_AGGRESSIVE;
				CLANG_CXX_LANGUAGE_STANDARD = "gnu++14";
				CLANG_CXX_LIBRARY = "libc++";
				CLANG_ENABLE_MODULES = YES;
				CLANG_ENABLE_OBJC_ARC = YES;
				CLANG_WARN_BLOCK_CAPTURE_AUTORELEASING = YES;
				CLANG_WARN_BOOL_CONVERSION = YES;
				CLANG_WARN_COMMA = YES;
				CLANG_WARN_CONSTANT_CONVERSION = YES;
				CLANG_WARN_DIRECT_OBJC_ISA_USAGE = YES_ERROR;
				CLANG_WARN_DOCUMENTATION_COMMENTS = YES;
				CLANG_WARN_EMPTY_BODY = YES;
				CLANG_WARN_ENUM_CONVERSION = YES;
				CLANG_WARN_INFINITE_RECURSION = YES;
				CLANG_WARN_INT_CONVERSION = YES;
				CLANG_WARN_NON_LITERAL_NULL_CONVERSION = YES;
				CLANG_WARN_OBJC_LITERAL_CONVERSION = YES;
				CLANG_WARN_OBJC_ROOT_CLASS = YES_ERROR;
				CLANG_WARN_RANGE_LOOP_ANALYSIS = YES;
				CLANG_WARN_STRICT_PROTOTYPES = YES;
				CLANG_WARN_SUSPICIOUS_MOVE = YES;
				CLANG_WARN_UNGUARDED_AVAILABILITY = YES_AGGRESSIVE;
				CLANG_WARN_UNREACHABLE_CODE = YES;
				CLANG_WARN__DUPLICATE_METHOD_MATCH = YES;
				CODE_SIGN_IDENTITY = "iPhone Developer";
				COPY_PHASE_STRIP = NO;
				DEBUG_INFORMATION_FORMAT = "dwarf-with-dsym";
				ENABLE_NS_ASSERTIONS = NO;
				ENABLE_STRICT_OBJC_MSGSEND = YES;
				GCC_C_LANGUAGE_STANDARD = gnu11;
				GCC_NO_COMMON_BLOCKS = YES;
				GCC_WARN_64_TO_32_BIT_CONVERSION = YES;
				GCC_WARN_ABOUT_RETURN_TYPE = YES_ERROR;
				GCC_WARN_UNDECLARED_SELECTOR = YES;
				GCC_WARN_UNINITIALIZED_AUTOS = YES_AGGRESSIVE;
				GCC_WARN_UNUSED_FUNCTION = YES;
				GCC_WARN_UNUSED_VARIABLE = YES;
				IPHONEOS_DEPLOYMENT_TARGET = 11.0;
				MTL_ENABLE_DEBUG_INFO = NO;
				SDKROOT = iphoneos;
				SWIFT_OPTIMIZATION_LEVEL = "-Owholemodule";
				VALIDATE_PRODUCT = YES;
			};
			name = Release;
		};
		9BEBF7C81FBA917300A1E628 /* Debug */ = {
			isa = XCBuildConfiguration;
			buildSettings = {
				ASSETCATALOG_COMPILER_APPICON_NAME = AppIcon;
				CODE_SIGN_STYLE = Automatic;
				DEVELOPMENT_TEAM = 4QZSS4MQNV;
				INFOPLIST_FILE = delegate_second_example/Info.plist;
				LD_RUNPATH_SEARCH_PATHS = "$(inherited) @executable_path/Frameworks";
				PRODUCT_BUNDLE_IDENTIFIER = "com.temchannat.delegate-second-example";
				PRODUCT_NAME = "$(TARGET_NAME)";
				SWIFT_VERSION = 4.0;
				TARGETED_DEVICE_FAMILY = "1,2";
			};
			name = Debug;
		};
		9BEBF7C91FBA917300A1E628 /* Release */ = {
			isa = XCBuildConfiguration;
			buildSettings = {
				ASSETCATALOG_COMPILER_APPICON_NAME = AppIcon;
				CODE_SIGN_STYLE = Automatic;
				DEVELOPMENT_TEAM = 4QZSS4MQNV;
				INFOPLIST_FILE = delegate_second_example/Info.plist;
				LD_RUNPATH_SEARCH_PATHS = "$(inherited) @executable_path/Frameworks";
				PRODUCT_BUNDLE_IDENTIFIER = "com.temchannat.delegate-second-example";
				PRODUCT_NAME = "$(TARGET_NAME)";
				SWIFT_VERSION = 4.0;
				TARGETED_DEVICE_FAMILY = "1,2";
			};
			name = Release;
		};
/* End XCBuildConfiguration section */

/* Begin XCConfigurationList section */
		9BEBF7B01FBA917300A1E628 /* Build configuration list for PBXProject "delegate_second_example" */ = {
			isa = XCConfigurationList;
			buildConfigurations = (
				9BEBF7C51FBA917300A1E628 /* Debug */,
				9BEBF7C61FBA917300A1E628 /* Release */,
			);
			defaultConfigurationIsVisible = 0;
			defaultConfigurationName = Release;
		};
		9BEBF7C71FBA917300A1E628 /* Build configuration list for PBXNativeTarget "delegate_second_example" */ = {
			isa = XCConfigurationList;
			buildConfigurations = (
				9BEBF7C81FBA917300A1E628 /* Debug */,
				9BEBF7C91FBA917300A1E628 /* Release */,
			);
			defaultConfigurationIsVisible = 0;
			defaultConfigurationName = Release;
		};
/* End XCConfigurationList section */
	};
	rootObject = 9BEBF7AD1FBA917300A1E628 /* Project object */;
}
